
Microsoft Visual Studio Solution File, Format Version 11.00
# Visual Studio 2010
Project("{FAE04EC0-301F-11D3-BF4B-00C04F79EFBC}") = "EndingXna", "EndingXna\EndingXna\EndingXna.csproj", "{63169D6B-2A4B-4711-8072-38C7B4DF7CE2}"
EndProject
Project("{96E2B04D-8817-42C6-938A-82C39BA4D311}") = "EndingXnaContent", "EndingXna\EndingXnaContent\EndingXnaContent.contentproj", "{CD66BCDB-CD53-4276-9CD2-08A2438F0540}"
EndProject
Project("{FAE04EC0-301F-11D3-BF4B-00C04F79EFBC}") = "EndingXnaXbox360", "EndingXna\EndingXna\EndingXnaXbox360.csproj", "{5809F4E9-A72B-4A9E-8D98-DDB5D6F3912B}"
EndProject
Project("{FAE04EC0-301F-11D3-BF4B-00C04F79EFBC}") = "EndingXnaWindowsPhone", "EndingXna\EndingXna\EndingXnaWindowsPhone.csproj", "{55E4E10F-A48F-4BCC-B3BB-E237E251258B}"
EndProject
Project("{96E2B04D-8817-42C6-938A-82C39BA4D311}") = "EndingXnaContentHiDef", "EndingXna\EndingXnaContentHiDef\EndingXnaContentHiDef.contentproj", "{59B68AF0-F8DE-405F-898D-38AEB76FDFD5}"
EndProject
Project("{2150E333-8FDC-42A3-9474-1A3956D46DE8}") = "Content", "Content", "{D3D9E177-097B-4B4B-9785-9C6464B258C2}"
EndProject
Global
	GlobalSection(SolutionConfigurationPlatforms) = preSolution
		Debug|Any CPU = Debug|Any CPU
		Debug|Mixed Platforms = Debug|Mixed Platforms
		Debug|Windows Phone = Debug|Windows Phone
		Debug|x86 = Debug|x86
		Debug|Xbox 360 = Debug|Xbox 360
		Release|Any CPU = Release|Any CPU
		Release|Mixed Platforms = Release|Mixed Platforms
		Release|Windows Phone = Release|Windows Phone
		Release|x86 = Release|x86
		Release|Xbox 360 = Release|Xbox 360
	EndGlobalSection
	GlobalSection(ProjectConfigurationPlatforms) = postSolution
		{63169D6B-2A4B-4711-8072-38C7B4DF7CE2}.Debug|Any CPU.ActiveCfg = Debug|x86
		{63169D6B-2A4B-4711-8072-38C7B4DF7CE2}.Debug|Mixed Platforms.ActiveCfg = Debug|x86
		{63169D6B-2A4B-4711-8072-38C7B4DF7CE2}.Debug|Mixed Platforms.Build.0 = Debug|x86
		{63169D6B-2A4B-4711-8072-38C7B4DF7CE2}.Debug|Windows Phone.ActiveCfg = Debug|x86
		{63169D6B-2A4B-4711-8072-38C7B4DF7CE2}.Debug|Windows Phone.Build.0 = Debug|x86
		{63169D6B-2A4B-4711-8072-38C7B4DF7CE2}.Debug|x86.ActiveCfg = Debug|x86
		{63169D6B-2A4B-4711-8072-38C7B4DF7CE2}.Debug|x86.Build.0 = Debug|x86
		{63169D6B-2A4B-4711-8072-38C7B4DF7CE2}.Debug|Xbox 360.ActiveCfg = Debug|x86
		{63169D6B-2A4B-4711-8072-38C7B4DF7CE2}.Release|Any CPU.ActiveCfg = Release|x86
		{63169D6B-2A4B-4711-8072-38C7B4DF7CE2}.Release|Mixed Platforms.ActiveCfg = Release|x86
		{63169D6B-2A4B-4711-8072-38C7B4DF7CE2}.Release|Mixed Platforms.Build.0 = Release|x86
		{63169D6B-2A4B-4711-8072-38C7B4DF7CE2}.Release|Windows Phone.ActiveCfg = Release|x86
		{63169D6B-2A4B-4711-8072-38C7B4DF7CE2}.Release|Windows Phone.Build.0 = Release|x86
		{63169D6B-2A4B-4711-8072-38C7B4DF7CE2}.Release|x86.ActiveCfg = Release|x86
		{63169D6B-2A4B-4711-8072-38C7B4DF7CE2}.Release|x86.Build.0 = Release|x86
		{63169D6B-2A4B-4711-8072-38C7B4DF7CE2}.Release|Xbox 360.ActiveCfg = Release|x86
		{63169D6B-2A4B-4711-8072-38C7B4DF7CE2}.Release|Xbox 360.Build.0 = Release|x86
		{CD66BCDB-CD53-4276-9CD2-08A2438F0540}.Debug|Any CPU.ActiveCfg = Debug|x86
		{CD66BCDB-CD53-4276-9CD2-08A2438F0540}.Debug|Mixed Platforms.ActiveCfg = Debug|x86
		{CD66BCDB-CD53-4276-9CD2-08A2438F0540}.Debug|Mixed Platforms.Build.0 = Debug|x86
		{CD66BCDB-CD53-4276-9CD2-08A2438F0540}.Debug|Windows Phone.ActiveCfg = Debug|x86
		{CD66BCDB-CD53-4276-9CD2-08A2438F0540}.Debug|x86.ActiveCfg = Debug|x86
		{CD66BCDB-CD53-4276-9CD2-08A2438F0540}.Debug|Xbox 360.ActiveCfg = Debug|x86
		{CD66BCDB-CD53-4276-9CD2-08A2438F0540}.Release|Any CPU.ActiveCfg = Release|x86
		{CD66BCDB-CD53-4276-9CD2-08A2438F0540}.Release|Mixed Platforms.ActiveCfg = Release|x86
		{CD66BCDB-CD53-4276-9CD2-08A2438F0540}.Release|Windows Phone.ActiveCfg = Release|x86
		{CD66BCDB-CD53-4276-9CD2-08A2438F0540}.Release|x86.ActiveCfg = Release|x86
		{CD66BCDB-CD53-4276-9CD2-08A2438F0540}.Release|Xbox 360.ActiveCfg = Release|x86
		{5809F4E9-A72B-4A9E-8D98-DDB5D6F3912B}.Debug|Any CPU.ActiveCfg = Debug|Xbox 360
		{5809F4E9-A72B-4A9E-8D98-DDB5D6F3912B}.Debug|Mixed Platforms.ActiveCfg = Debug|Xbox 360
		{5809F4E9-A72B-4A9E-8D98-DDB5D6F3912B}.Debug|Mixed Platforms.Build.0 = Debug|Xbox 360
		{5809F4E9-A72B-4A9E-8D98-DDB5D6F3912B}.Debug|Mixed Platforms.Deploy.0 = Debug|Xbox 360
		{5809F4E9-A72B-4A9E-8D98-DDB5D6F3912B}.Debug|Windows Phone.ActiveCfg = Debug|Xbox 360
		{5809F4E9-A72B-4A9E-8D98-DDB5D6F3912B}.Debug|Windows Phone.Build.0 = Debug|Xbox 360
		{5809F4E9-A72B-4A9E-8D98-DDB5D6F3912B}.Debug|x86.ActiveCfg = Debug|Xbox 360
		{5809F4E9-A72B-4A9E-8D98-DDB5D6F3912B}.Debug|x86.Build.0 = Debug|Xbox 360
		{5809F4E9-A72B-4A9E-8D98-DDB5D6F3912B}.Debug|Xbox 360.ActiveCfg = Debug|Xbox 360
		{5809F4E9-A72B-4A9E-8D98-DDB5D6F3912B}.Debug|Xbox 360.Build.0 = Debug|Xbox 360
		{5809F4E9-A72B-4A9E-8D98-DDB5D6F3912B}.Debug|Xbox 360.Deploy.0 = Debug|Xbox 360
		{5809F4E9-A72B-4A9E-8D98-DDB5D6F3912B}.Release|Any CPU.ActiveCfg = Release|Xbox 360
		{5809F4E9-A72B-4A9E-8D98-DDB5D6F3912B}.Release|Mixed Platforms.ActiveCfg = Release|Xbox 360
		{5809F4E9-A72B-4A9E-8D98-DDB5D6F3912B}.Release|Mixed Platforms.Build.0 = Release|Xbox 360
		{5809F4E9-A72B-4A9E-8D98-DDB5D6F3912B}.Release|Mixed Platforms.Deploy.0 = Release|Xbox 360
		{5809F4E9-A72B-4A9E-8D98-DDB5D6F3912B}.Release|Windows Phone.ActiveCfg = Release|Xbox 360
		{5809F4E9-A72B-4A9E-8D98-DDB5D6F3912B}.Release|Windows Phone.Build.0 = Release|Xbox 360
		{5809F4E9-A72B-4A9E-8D98-DDB5D6F3912B}.Release|x86.ActiveCfg = Release|Xbox 360
		{5809F4E9-A72B-4A9E-8D98-DDB5D6F3912B}.Release|x86.Build.0 = Release|Xbox 360
		{5809F4E9-A72B-4A9E-8D98-DDB5D6F3912B}.Release|Xbox 360.ActiveCfg = Release|Xbox 360
		{5809F4E9-A72B-4A9E-8D98-DDB5D6F3912B}.Release|Xbox 360.Build.0 = Release|Xbox 360
		{5809F4E9-A72B-4A9E-8D98-DDB5D6F3912B}.Release|Xbox 360.Deploy.0 = Release|Xbox 360
		{55E4E10F-A48F-4BCC-B3BB-E237E251258B}.Debug|Any CPU.ActiveCfg = Debug|Windows Phone
		{55E4E10F-A48F-4BCC-B3BB-E237E251258B}.Debug|Mixed Platforms.ActiveCfg = Debug|Windows Phone
		{55E4E10F-A48F-4BCC-B3BB-E237E251258B}.Debug|Mixed Platforms.Build.0 = Debug|Windows Phone
		{55E4E10F-A48F-4BCC-B3BB-E237E251258B}.Debug|Mixed Platforms.Deploy.0 = Debug|Windows Phone
		{55E4E10F-A48F-4BCC-B3BB-E237E251258B}.Debug|Windows Phone.ActiveCfg = Debug|Windows Phone
		{55E4E10F-A48F-4BCC-B3BB-E237E251258B}.Debug|Windows Phone.Build.0 = Debug|Windows Phone
		{55E4E10F-A48F-4BCC-B3BB-E237E251258B}.Debug|Windows Phone.Deploy.0 = Debug|Windows Phone
		{55E4E10F-A48F-4BCC-B3BB-E237E251258B}.Debug|x86.ActiveCfg = Debug|Windows Phone
		{55E4E10F-A48F-4BCC-B3BB-E237E251258B}.Debug|x86.Build.0 = Debug|Windows Phone
		{55E4E10F-A48F-4BCC-B3BB-E237E251258B}.Debug|Xbox 360.ActiveCfg = Debug|Windows Phone
		{55E4E10F-A48F-4BCC-B3BB-E237E251258B}.Release|Any CPU.ActiveCfg = Release|Windows Phone
		{55E4E10F-A48F-4BCC-B3BB-E237E251258B}.Release|Mixed Platforms.ActiveCfg = Release|Windows Phone
		{55E4E10F-A48F-4BCC-B3BB-E237E251258B}.Release|Mixed Platforms.Build.0 = Release|Windows Phone
		{55E4E10F-A48F-4BCC-B3BB-E237E251258B}.Release|Mixed Platforms.Deploy.0 = Release|Windows Phone
		{55E4E10F-A48F-4BCC-B3BB-E237E251258B}.Release|Windows Phone.ActiveCfg = Release|Windows Phone
		{55E4E10F-A48F-4BCC-B3BB-E237E251258B}.Release|Windows Phone.Build.0 = Release|Windows Phone
		{55E4E10F-A48F-4BCC-B3BB-E237E251258B}.Release|Windows Phone.Deploy.0 = Release|Windows Phone
		{55E4E10F-A48F-4BCC-B3BB-E237E251258B}.Release|x86.ActiveCfg = Release|Windows Phone
		{55E4E10F-A48F-4BCC-B3BB-E237E251258B}.Release|x86.Build.0 = Release|Windows Phone
		{55E4E10F-A48F-4BCC-B3BB-E237E251258B}.Release|Xbox 360.ActiveCfg = Release|Windows Phone
		{59B68AF0-F8DE-405F-898D-38AEB76FDFD5}.Debug|Any CPU.ActiveCfg = Debug|Any CPU
		{59B68AF0-F8DE-405F-898D-38AEB76FDFD5}.Debug|Mixed Platforms.ActiveCfg = Debug|Any CPU
		{59B68AF0-F8DE-405F-898D-38AEB76FDFD5}.Debug|Windows Phone.ActiveCfg = Debug|Any CPU
		{59B68AF0-F8DE-405F-898D-38AEB76FDFD5}.Debug|x86.ActiveCfg = Debug|Any CPU
		{59B68AF0-F8DE-405F-898D-38AEB76FDFD5}.Debug|Xbox 360.ActiveCfg = Debug|Any CPU
		{59B68AF0-F8DE-405F-898D-38AEB76FDFD5}.Release|Any CPU.ActiveCfg = Debug|Any CPU
		{59B68AF0-F8DE-405F-898D-38AEB76FDFD5}.Release|Mixed Platforms.ActiveCfg = Debug|Any CPU
		{59B68AF0-F8DE-405F-898D-38AEB76FDFD5}.Release|Windows Phone.ActiveCfg = Debug|Any CPU
		{59B68AF0-F8DE-405F-898D-38AEB76FDFD5}.Release|x86.ActiveCfg = Debug|Any CPU
		{59B68AF0-F8DE-405F-898D-38AEB76FDFD5}.Release|Xbox 360.ActiveCfg = Debug|Any CPU
	EndGlobalSection
	GlobalSection(SolutionProperties) = preSolution
		HideSolutionNode = FALSE
	EndGlobalSection
	GlobalSection(NestedProjects) = preSolution
		{59B68AF0-F8DE-405F-898D-38AEB76FDFD5} = {D3D9E177-097B-4B4B-9785-9C6464B258C2}
		{CD66BCDB-CD53-4276-9CD2-08A2438F0540} = {D3D9E177-097B-4B4B-9785-9C6464B258C2}
	EndGlobalSection
EndGlobal
